
Microsoft Visual Studio Solution File, Format Version 12.00
# Visual Studio Version 16
VisualStudioVersion = 16.0.31129.286
MinimumVisualStudioVersion = 10.0.40219.1
Project("{FAE04EC0-301F-11D3-BF4B-00C04F79EFBC}") = "mini_game2", "mini_game2\mini_game2.csproj", "{76A06D95-65A4-4DA8-AC78-CFB3A999BE7C}"
EndProject
Global
	GlobalSection(SolutionConfigurationPlatforms) = preSolution
		Debug|Any CPU = Debug|Any CPU
		Release|Any CPU = Release|Any CPU
	EndGlobalSection
	GlobalSection(ProjectConfigurationPlatforms) = postSolution
		{76A06D95-65A4-4DA8-AC78-CFB3A999BE7C}.Debug|Any CPU.ActiveCfg = Debug|Any CPU
		{76A06D95-65A4-4DA8-AC78-CFB3A999BE7C}.Debug|Any CPU.Build.0 = Debug|Any CPU
		{76A06D95-65A4-4DA8-AC78-CFB3A999BE7C}.Release|Any CPU.ActiveCfg = Release|Any CPU
		{76A06D95-65A4-4DA8-AC78-CFB3A999BE7C}.Release|Any CPU.Build.0 = Release|Any CPU
	EndGlobalSection
	GlobalSection(SolutionProperties) = preSolution
		HideSolutionNode = FALSE
	EndGlobalSection
	GlobalSection(ExtensibilityGlobals) = postSolution
		SolutionGuid = {7CC9F3DF-F332-48E2-B8AF-F14ADA2C34AF}
	EndGlobalSection
EndGlobal
